// !$*UTF8*$!
{
	archiveVersion = 1;
	classes = {
	};
	objectVersion = 56;
	objects = {

/* Begin PBXBuildFile section */
		0417FC952B662F2B009FF8C0 /* UpComingTableViewExtension.swift in Sources */ = {isa = PBXBuildFile; fileRef = 0417FC942B662F2B009FF8C0 /* UpComingTableViewExtension.swift */; };
		0417FC972B664929009FF8C0 /* MovieViewModel.swift in Sources */ = {isa = PBXBuildFile; fileRef = 0417FC962B664929009FF8C0 /* MovieViewModel.swift */; };
		0417FC992B66496A009FF8C0 /* UpComingTableViewCell.swift in Sources */ = {isa = PBXBuildFile; fileRef = 0417FC982B66496A009FF8C0 /* UpComingTableViewCell.swift */; };
		0417FC9B2B66774F009FF8C0 /* SearchTableViewExtension.swift in Sources */ = {isa = PBXBuildFile; fileRef = 0417FC9A2B66774F009FF8C0 /* SearchTableViewExtension.swift */; };
		042B78FE2B64CE3A009A422B /* AppConfig.plist in Resources */ = {isa = PBXBuildFile; fileRef = 042B78FD2B64CE3A009A422B /* AppConfig.plist */; };
		042B79012B64CEB2009A422B /* APICaller.swift in Sources */ = {isa = PBXBuildFile; fileRef = 042B79002B64CEB2009A422B /* APICaller.swift */; };
		042B79062B64E0CC009A422B /* Movie.swift in Sources */ = {isa = PBXBuildFile; fileRef = 042B79052B64E0CC009A422B /* Movie.swift */; };
		042B79082B64E6FF009A422B /* TextExtension.swift in Sources */ = {isa = PBXBuildFile; fileRef = 042B79072B64E6FF009A422B /* TextExtension.swift */; };
		042B790A2B6501FE009A422B /* TitleCollectionViewCell.swift in Sources */ = {isa = PBXBuildFile; fileRef = 042B79092B6501FE009A422B /* TitleCollectionViewCell.swift */; };
		042B790D2B6507E4009A422B /* SDWebImage in Frameworks */ = {isa = PBXBuildFile; productRef = 042B790C2B6507E4009A422B /* SDWebImage */; };
		042B790F2B6507E4009A422B /* SDWebImageMapKit in Frameworks */ = {isa = PBXBuildFile; productRef = 042B790E2B6507E4009A422B /* SDWebImageMapKit */; };
		045FA0AF2B6E11E100296FE5 /* SearchResultViewController.swift in Sources */ = {isa = PBXBuildFile; fileRef = 045FA0AE2B6E11E100296FE5 /* SearchResultViewController.swift */; };
		045FA0B12B6E2F4300296FE5 /* SearchResultCollectionExtension.swift in Sources */ = {isa = PBXBuildFile; fileRef = 045FA0B02B6E2F4300296FE5 /* SearchResultCollectionExtension.swift */; };
		045FA0B32B6E505E00296FE5 /* YoutubeMovie.swift in Sources */ = {isa = PBXBuildFile; fileRef = 045FA0B22B6E505E00296FE5 /* YoutubeMovie.swift */; };
		045FA0B52B6E5BFB00296FE5 /* MovieReviewViewController.swift in Sources */ = {isa = PBXBuildFile; fileRef = 045FA0B42B6E5BFB00296FE5 /* MovieReviewViewController.swift */; };
		045FA0B72B6E660B00296FE5 /* YoutubeReviewViewModel.swift in Sources */ = {isa = PBXBuildFile; fileRef = 045FA0B62B6E660B00296FE5 /* YoutubeReviewViewModel.swift */; };
		04FDE3B92B5CE91E00733B1E /* AppDelegate.swift in Sources */ = {isa = PBXBuildFile; fileRef = 04FDE3B82B5CE91E00733B1E /* AppDelegate.swift */; };
		04FDE3BB2B5CE91E00733B1E /* SceneDelegate.swift in Sources */ = {isa = PBXBuildFile; fileRef = 04FDE3BA2B5CE91E00733B1E /* SceneDelegate.swift */; };
		04FDE3BD2B5CE91E00733B1E /* MainTabBarViewController.swift in Sources */ = {isa = PBXBuildFile; fileRef = 04FDE3BC2B5CE91E00733B1E /* MainTabBarViewController.swift */; };
		04FDE3C02B5CE91E00733B1E /* Main.storyboard in Resources */ = {isa = PBXBuildFile; fileRef = 04FDE3BE2B5CE91E00733B1E /* Main.storyboard */; };
		04FDE3C22B5CE91F00733B1E /* Assets.xcassets in Resources */ = {isa = PBXBuildFile; fileRef = 04FDE3C12B5CE91F00733B1E /* Assets.xcassets */; };
		04FDE3C52B5CE91F00733B1E /* LaunchScreen.storyboard in Resources */ = {isa = PBXBuildFile; fileRef = 04FDE3C32B5CE91F00733B1E /* LaunchScreen.storyboard */; };
		04FDE3D22B5CEE5700733B1E /* HomeViewController.swift in Sources */ = {isa = PBXBuildFile; fileRef = 04FDE3D12B5CEE5700733B1E /* HomeViewController.swift */; };
		04FDE3D52B5CEE6D00733B1E /* DownloadViewController.swift in Sources */ = {isa = PBXBuildFile; fileRef = 04FDE3D42B5CEE6D00733B1E /* DownloadViewController.swift */; };
		04FDE3D72B5CEE7A00733B1E /* SearchViewController.swift in Sources */ = {isa = PBXBuildFile; fileRef = 04FDE3D62B5CEE7A00733B1E /* SearchViewController.swift */; };
		04FDE3DA2B5CEE9C00733B1E /* UpComingViewController.swift in Sources */ = {isa = PBXBuildFile; fileRef = 04FDE3D92B5CEE9C00733B1E /* UpComingViewController.swift */; };
		04FDE3DD2B5CFC6B00733B1E /* TableViewExtension.swift in Sources */ = {isa = PBXBuildFile; fileRef = 04FDE3DC2B5CFC6B00733B1E /* TableViewExtension.swift */; };
		04FDE3E02B5D029400733B1E /* CollectionViewTableViewCell.swift in Sources */ = {isa = PBXBuildFile; fileRef = 04FDE3DF2B5D029400733B1E /* CollectionViewTableViewCell.swift */; };
		04FDE3E22B5D038B00733B1E /* CollectionViewExtension.swift in Sources */ = {isa = PBXBuildFile; fileRef = 04FDE3E12B5D038B00733B1E /* CollectionViewExtension.swift */; };
		04FDE3E42B5D16DF00733B1E /* HeaderView.swift in Sources */ = {isa = PBXBuildFile; fileRef = 04FDE3E32B5D16DF00733B1E /* HeaderView.swift */; };
		04FDE3E62B5D1E1F00733B1E /* ConstraintExtension.swift in Sources */ = {isa = PBXBuildFile; fileRef = 04FDE3E52B5D1E1F00733B1E /* ConstraintExtension.swift */; };
/* End PBXBuildFile section */

/* Begin PBXFileReference section */
		0417FC942B662F2B009FF8C0 /* UpComingTableViewExtension.swift */ = {isa = PBXFileReference; lastKnownFileType = sourcecode.swift; path = UpComingTableViewExtension.swift; sourceTree = "<group>"; };
		0417FC962B664929009FF8C0 /* MovieViewModel.swift */ = {isa = PBXFileReference; lastKnownFileType = sourcecode.swift; path = MovieViewModel.swift; sourceTree = "<group>"; };
		0417FC982B66496A009FF8C0 /* UpComingTableViewCell.swift */ = {isa = PBXFileReference; lastKnownFileType = sourcecode.swift; path = UpComingTableViewCell.swift; sourceTree = "<group>"; };
		0417FC9A2B66774F009FF8C0 /* SearchTableViewExtension.swift */ = {isa = PBXFileReference; lastKnownFileType = sourcecode.swift; path = SearchTableViewExtension.swift; sourceTree = "<group>"; };
		042B78FD2B64CE3A009A422B /* AppConfig.plist */ = {isa = PBXFileReference; lastKnownFileType = text.plist.xml; path = AppConfig.plist; sourceTree = "<group>"; };
		042B79002B64CEB2009A422B /* APICaller.swift */ = {isa = PBXFileReference; lastKnownFileType = sourcecode.swift; path = APICaller.swift; sourceTree = "<group>"; };
		042B79052B64E0CC009A422B /* Movie.swift */ = {isa = PBXFileReference; lastKnownFileType = sourcecode.swift; path = Movie.swift; sourceTree = "<group>"; };
		042B79072B64E6FF009A422B /* TextExtension.swift */ = {isa = PBXFileReference; lastKnownFileType = sourcecode.swift; path = TextExtension.swift; sourceTree = "<group>"; };
		042B79092B6501FE009A422B /* TitleCollectionViewCell.swift */ = {isa = PBXFileReference; lastKnownFileType = sourcecode.swift; path = TitleCollectionViewCell.swift; sourceTree = "<group>"; };
		045FA0AE2B6E11E100296FE5 /* SearchResultViewController.swift */ = {isa = PBXFileReference; lastKnownFileType = sourcecode.swift; path = SearchResultViewController.swift; sourceTree = "<group>"; };
		045FA0B02B6E2F4300296FE5 /* SearchResultCollectionExtension.swift */ = {isa = PBXFileReference; lastKnownFileType = sourcecode.swift; path = SearchResultCollectionExtension.swift; sourceTree = "<group>"; };
		045FA0B22B6E505E00296FE5 /* YoutubeMovie.swift */ = {isa = PBXFileReference; lastKnownFileType = sourcecode.swift; path = YoutubeMovie.swift; sourceTree = "<group>"; };
		045FA0B42B6E5BFB00296FE5 /* MovieReviewViewController.swift */ = {isa = PBXFileReference; lastKnownFileType = sourcecode.swift; path = MovieReviewViewController.swift; sourceTree = "<group>"; };
		045FA0B62B6E660B00296FE5 /* YoutubeReviewViewModel.swift */ = {isa = PBXFileReference; lastKnownFileType = sourcecode.swift; path = YoutubeReviewViewModel.swift; sourceTree = "<group>"; };
		04FDE3B52B5CE91E00733B1E /* netFlix.app */ = {isa = PBXFileReference; explicitFileType = wrapper.application; includeInIndex = 0; path = netFlix.app; sourceTree = BUILT_PRODUCTS_DIR; };
		04FDE3B82B5CE91E00733B1E /* AppDelegate.swift */ = {isa = PBXFileReference; lastKnownFileType = sourcecode.swift; path = AppDelegate.swift; sourceTree = "<group>"; };
		04FDE3BA2B5CE91E00733B1E /* SceneDelegate.swift */ = {isa = PBXFileReference; lastKnownFileType = sourcecode.swift; path = SceneDelegate.swift; sourceTree = "<group>"; };
		04FDE3BC2B5CE91E00733B1E /* MainTabBarViewController.swift */ = {isa = PBXFileReference; lastKnownFileType = sourcecode.swift; path = MainTabBarViewController.swift; sourceTree = "<group>"; };
		04FDE3BF2B5CE91E00733B1E /* Base */ = {isa = PBXFileReference; lastKnownFileType = file.storyboard; name = Base; path = Base.lproj/Main.storyboard; sourceTree = "<group>"; };
		04FDE3C12B5CE91F00733B1E /* Assets.xcassets */ = {isa = PBXFileReference; lastKnownFileType = folder.assetcatalog; path = Assets.xcassets; sourceTree = "<group>"; };
		04FDE3C42B5CE91F00733B1E /* Base */ = {isa = PBXFileReference; lastKnownFileType = file.storyboard; name = Base; path = Base.lproj/LaunchScreen.storyboard; sourceTree = "<group>"; };
		04FDE3C62B5CE91F00733B1E /* Info.plist */ = {isa = PBXFileReference; lastKnownFileType = text.plist.xml; path = Info.plist; sourceTree = "<group>"; };
		04FDE3D12B5CEE5700733B1E /* HomeViewController.swift */ = {isa = PBXFileReference; lastKnownFileType = sourcecode.swift; path = HomeViewController.swift; sourceTree = "<group>"; };
		04FDE3D42B5CEE6D00733B1E /* DownloadViewController.swift */ = {isa = PBXFileReference; lastKnownFileType = sourcecode.swift; path = DownloadViewController.swift; sourceTree = "<group>"; };
		04FDE3D62B5CEE7A00733B1E /* SearchViewController.swift */ = {isa = PBXFileReference; lastKnownFileType = sourcecode.swift; path = SearchViewController.swift; sourceTree = "<group>"; };
		04FDE3D92B5CEE9C00733B1E /* UpComingViewController.swift */ = {isa = PBXFileReference; lastKnownFileType = sourcecode.swift; path = UpComingViewController.swift; sourceTree = "<group>"; };
		04FDE3DC2B5CFC6B00733B1E /* TableViewExtension.swift */ = {isa = PBXFileReference; lastKnownFileType = sourcecode.swift; path = TableViewExtension.swift; sourceTree = "<group>"; };
		04FDE3DF2B5D029400733B1E /* CollectionViewTableViewCell.swift */ = {isa = PBXFileReference; lastKnownFileType = sourcecode.swift; path = CollectionViewTableViewCell.swift; sourceTree = "<group>"; };
		04FDE3E12B5D038B00733B1E /* CollectionViewExtension.swift */ = {isa = PBXFileReference; lastKnownFileType = sourcecode.swift; path = CollectionViewExtension.swift; sourceTree = "<group>"; };
		04FDE3E32B5D16DF00733B1E /* HeaderView.swift */ = {isa = PBXFileReference; lastKnownFileType = sourcecode.swift; path = HeaderView.swift; sourceTree = "<group>"; };
		04FDE3E52B5D1E1F00733B1E /* ConstraintExtension.swift */ = {isa = PBXFileReference; lastKnownFileType = sourcecode.swift; path = ConstraintExtension.swift; sourceTree = "<group>"; };
/* End PBXFileReference section */

/* Begin PBXFrameworksBuildPhase section */
		04FDE3B22B5CE91E00733B1E /* Frameworks */ = {
			isa = PBXFrameworksBuildPhase;
			buildActionMask = 2147483647;
			files = (
				042B790F2B6507E4009A422B /* SDWebImageMapKit in Frameworks */,
				042B790D2B6507E4009A422B /* SDWebImage in Frameworks */,
			);
			runOnlyForDeploymentPostprocessing = 0;
		};
/* End PBXFrameworksBuildPhase section */

/* Begin PBXGroup section */
		042B78FF2B64CE96009A422B /* Managers */ = {
			isa = PBXGroup;
			children = (
				042B79002B64CEB2009A422B /* APICaller.swift */,
			);
			path = Managers;
			sourceTree = "<group>";
		};
		045FA0AC2B6E115200296FE5 /* Core */ = {
			isa = PBXGroup;
			children = (
				04FDE3D92B5CEE9C00733B1E /* UpComingViewController.swift */,
				04FDE3D42B5CEE6D00733B1E /* DownloadViewController.swift */,
				04FDE3D62B5CEE7A00733B1E /* SearchViewController.swift */,
				04FDE3D12B5CEE5700733B1E /* HomeViewController.swift */,
				04FDE3BC2B5CE91E00733B1E /* MainTabBarViewController.swift */,
			);
			path = Core;
			sourceTree = "<group>";
		};
		045FA0AD2B6E116600296FE5 /* General */ = {
			isa = PBXGroup;
			children = (
				045FA0AE2B6E11E100296FE5 /* SearchResultViewController.swift */,
				045FA0B42B6E5BFB00296FE5 /* MovieReviewViewController.swift */,
			);
			path = General;
			sourceTree = "<group>";
		};
		04FDE3AC2B5CE91E00733B1E = {
			isa = PBXGroup;
			children = (
				04FDE3B72B5CE91E00733B1E /* netFlix */,
				04FDE3B62B5CE91E00733B1E /* Products */,
			);
			sourceTree = "<group>";
		};
		04FDE3B62B5CE91E00733B1E /* Products */ = {
			isa = PBXGroup;
			children = (
				04FDE3B52B5CE91E00733B1E /* netFlix.app */,
			);
			name = Products;
			sourceTree = "<group>";
		};
		04FDE3B72B5CE91E00733B1E /* netFlix */ = {
			isa = PBXGroup;
			children = (
				042B78FF2B64CE96009A422B /* Managers */,
				04FDE3DB2B5CF7AD00733B1E /* Resources */,
				04FDE3D02B5CEBC300733B1E /* ViewModels */,
				04FDE3CF2B5CEB9500733B1E /* Models */,
				04FDE3CE2B5CEB8E00733B1E /* Views */,
				04FDE3CD2B5CEB8800733B1E /* Controllers */,
				04FDE3CC2B5CEB7500733B1E /* Support */,
				04FDE3C62B5CE91F00733B1E /* Info.plist */,
				04FDE3C12B5CE91F00733B1E /* Assets.xcassets */,
				042B78FD2B64CE3A009A422B /* AppConfig.plist */,
			);
			path = netFlix;
			sourceTree = "<group>";
		};
		04FDE3CC2B5CEB7500733B1E /* Support */ = {
			isa = PBXGroup;
			children = (
				04FDE3B82B5CE91E00733B1E /* AppDelegate.swift */,
				04FDE3BA2B5CE91E00733B1E /* SceneDelegate.swift */,
			);
			path = Support;
			sourceTree = "<group>";
		};
		04FDE3CD2B5CEB8800733B1E /* Controllers */ = {
			isa = PBXGroup;
			children = (
				045FA0AD2B6E116600296FE5 /* General */,
				045FA0AC2B6E115200296FE5 /* Core */,
			);
			path = Controllers;
			sourceTree = "<group>";
		};
		04FDE3CE2B5CEB8E00733B1E /* Views */ = {
			isa = PBXGroup;
			children = (
				04FDE3C32B5CE91F00733B1E /* LaunchScreen.storyboard */,
				04FDE3BE2B5CE91E00733B1E /* Main.storyboard */,
				04FDE3DF2B5D029400733B1E /* CollectionViewTableViewCell.swift */,
				04FDE3E32B5D16DF00733B1E /* HeaderView.swift */,
				042B79092B6501FE009A422B /* TitleCollectionViewCell.swift */,
				0417FC982B66496A009FF8C0 /* UpComingTableViewCell.swift */,
			);
			path = Views;
			sourceTree = "<group>";
		};
		04FDE3CF2B5CEB9500733B1E /* Models */ = {
			isa = PBXGroup;
			children = (
				042B79052B64E0CC009A422B /* Movie.swift */,
				045FA0B22B6E505E00296FE5 /* YoutubeMovie.swift */,
			);
			path = Models;
			sourceTree = "<group>";
		};
		04FDE3D02B5CEBC300733B1E /* ViewModels */ = {
			isa = PBXGroup;
			children = (
				0417FC962B664929009FF8C0 /* MovieViewModel.swift */,
				045FA0B62B6E660B00296FE5 /* YoutubeReviewViewModel.swift */,
			);
			path = ViewModels;
			sourceTree = "<group>";
		};
		04FDE3DB2B5CF7AD00733B1E /* Resources */ = {
			isa = PBXGroup;
			children = (
				04FDE3DE2B5CFC7000733B1E /* Utilities */,
			);
			path = Resources;
			sourceTree = "<group>";
		};
		04FDE3DE2B5CFC7000733B1E /* Utilities */ = {
			isa = PBXGroup;
			children = (
				04FDE3DC2B5CFC6B00733B1E /* TableViewExtension.swift */,
				04FDE3E12B5D038B00733B1E /* CollectionViewExtension.swift */,
				04FDE3E52B5D1E1F00733B1E /* ConstraintExtension.swift */,
				042B79072B64E6FF009A422B /* TextExtension.swift */,
				0417FC942B662F2B009FF8C0 /* UpComingTableViewExtension.swift */,
				0417FC9A2B66774F009FF8C0 /* SearchTableViewExtension.swift */,
				045FA0B02B6E2F4300296FE5 /* SearchResultCollectionExtension.swift */,
			);
			path = Utilities;
			sourceTree = "<group>";
		};
/* End PBXGroup section */

/* Begin PBXNativeTarget section */
		04FDE3B42B5CE91E00733B1E /* netFlix */ = {
			isa = PBXNativeTarget;
			buildConfigurationList = 04FDE3C92B5CE91F00733B1E /* Build configuration list for PBXNativeTarget "netFlix" */;
			buildPhases = (
				04FDE3B12B5CE91E00733B1E /* Sources */,
				04FDE3B22B5CE91E00733B1E /* Frameworks */,
				04FDE3B32B5CE91E00733B1E /* Resources */,
			);
			buildRules = (
			);
			dependencies = (
			);
			name = netFlix;
			packageProductDependencies = (
				042B790C2B6507E4009A422B /* SDWebImage */,
				042B790E2B6507E4009A422B /* SDWebImageMapKit */,
			);
			productName = netFlix;
			productReference = 04FDE3B52B5CE91E00733B1E /* netFlix.app */;
			productType = "com.apple.product-type.application";
		};
/* End PBXNativeTarget section */

/* Begin PBXProject section */
		04FDE3AD2B5CE91E00733B1E /* Project object */ = {
			isa = PBXProject;
			attributes = {
				BuildIndependentTargetsInParallel = 1;
				LastSwiftUpdateCheck = 1510;
				LastUpgradeCheck = 1510;
				TargetAttributes = {
					04FDE3B42B5CE91E00733B1E = {
						CreatedOnToolsVersion = 15.1;
					};
				};
			};
			buildConfigurationList = 04FDE3B02B5CE91E00733B1E /* Build configuration list for PBXProject "netFlix" */;
			compatibilityVersion = "Xcode 14.0";
			developmentRegion = en;
			hasScannedForEncodings = 0;
			knownRegions = (
				en,
				Base,
			);
			mainGroup = 04FDE3AC2B5CE91E00733B1E;
			packageReferences = (
				042B790B2B6507E4009A422B /* XCRemoteSwiftPackageReference "SDWebImage" */,
			);
			productRefGroup = 04FDE3B62B5CE91E00733B1E /* Products */;
			projectDirPath = "";
			projectRoot = "";
			targets = (
				04FDE3B42B5CE91E00733B1E /* netFlix */,
			);
		};
/* End PBXProject section */

/* Begin PBXResourcesBuildPhase section */
		04FDE3B32B5CE91E00733B1E /* Resources */ = {
			isa = PBXResourcesBuildPhase;
			buildActionMask = 2147483647;
			files = (
				042B78FE2B64CE3A009A422B /* AppConfig.plist in Resources */,
				04FDE3C52B5CE91F00733B1E /* LaunchScreen.storyboard in Resources */,
				04FDE3C22B5CE91F00733B1E /* Assets.xcassets in Resources */,
				04FDE3C02B5CE91E00733B1E /* Main.storyboard in Resources */,
			);
			runOnlyForDeploymentPostprocessing = 0;
		};
/* End PBXResourcesBuildPhase section */

/* Begin PBXSourcesBuildPhase section */
		04FDE3B12B5CE91E00733B1E /* Sources */ = {
			isa = PBXSourcesBuildPhase;
			buildActionMask = 2147483647;
			files = (
				045FA0B32B6E505E00296FE5 /* YoutubeMovie.swift in Sources */,
				042B79062B64E0CC009A422B /* Movie.swift in Sources */,
				045FA0AF2B6E11E100296FE5 /* SearchResultViewController.swift in Sources */,
				042B790A2B6501FE009A422B /* TitleCollectionViewCell.swift in Sources */,
				04FDE3D72B5CEE7A00733B1E /* SearchViewController.swift in Sources */,
				04FDE3BD2B5CE91E00733B1E /* MainTabBarViewController.swift in Sources */,
				042B79012B64CEB2009A422B /* APICaller.swift in Sources */,
				0417FC972B664929009FF8C0 /* MovieViewModel.swift in Sources */,
				04FDE3DA2B5CEE9C00733B1E /* UpComingViewController.swift in Sources */,
				04FDE3DD2B5CFC6B00733B1E /* TableViewExtension.swift in Sources */,
				0417FC992B66496A009FF8C0 /* UpComingTableViewCell.swift in Sources */,
				04FDE3E62B5D1E1F00733B1E /* ConstraintExtension.swift in Sources */,
				042B79082B64E6FF009A422B /* TextExtension.swift in Sources */,
				04FDE3B92B5CE91E00733B1E /* AppDelegate.swift in Sources */,
				0417FC952B662F2B009FF8C0 /* UpComingTableViewExtension.swift in Sources */,
				04FDE3E02B5D029400733B1E /* CollectionViewTableViewCell.swift in Sources */,
				04FDE3BB2B5CE91E00733B1E /* SceneDelegate.swift in Sources */,
				04FDE3E42B5D16DF00733B1E /* HeaderView.swift in Sources */,
				04FDE3D52B5CEE6D00733B1E /* DownloadViewController.swift in Sources */,
				045FA0B52B6E5BFB00296FE5 /* MovieReviewViewController.swift in Sources */,
				04FDE3E22B5D038B00733B1E /* CollectionViewExtension.swift in Sources */,
				04FDE3D22B5CEE5700733B1E /* HomeViewController.swift in Sources */,
				045FA0B12B6E2F4300296FE5 /* SearchResultCollectionExtension.swift in Sources */,
				045FA0B72B6E660B00296FE5 /* YoutubeReviewViewModel.swift in Sources */,
				0417FC9B2B66774F009FF8C0 /* SearchTableViewExtension.swift in Sources */,
			);
			runOnlyForDeploymentPostprocessing = 0;
		};
/* End PBXSourcesBuildPhase section */

/* Begin PBXVariantGroup section */
		04FDE3BE2B5CE91E00733B1E /* Main.storyboard */ = {
			isa = PBXVariantGroup;
			children = (
				04FDE3BF2B5CE91E00733B1E /* Base */,
			);
			name = Main.storyboard;
			sourceTree = "<group>";
		};
		04FDE3C32B5CE91F00733B1E /* LaunchScreen.storyboard */ = {
			isa = PBXVariantGroup;
			children = (
				04FDE3C42B5CE91F00733B1E /* Base */,
			);
			name = LaunchScreen.storyboard;
			sourceTree = "<group>";
		};
/* End PBXVariantGroup section */

/* Begin XCBuildConfiguration section */
		04FDE3C72B5CE91F00733B1E /* Debug */ = {
			isa = XCBuildConfiguration;
			buildSettings = {
				ALWAYS_SEARCH_USER_PATHS = NO;
				ASSETCATALOG_COMPILER_GENERATE_SWIFT_ASSET_SYMBOL_EXTENSIONS = YES;
				CLANG_ANALYZER_NONNULL = YES;
				CLANG_ANALYZER_NUMBER_OBJECT_CONVERSION = YES_AGGRESSIVE;
				CLANG_CXX_LANGUAGE_STANDARD = "gnu++20";
				CLANG_ENABLE_MODULES = YES;
				CLANG_ENABLE_OBJC_ARC = YES;
				CLANG_ENABLE_OBJC_WEAK = YES;
				CLANG_WARN_BLOCK_CAPTURE_AUTORELEASING = YES;
				CLANG_WARN_BOOL_CONVERSION = YES;
				CLANG_WARN_COMMA = YES;
				CLANG_WARN_CONSTANT_CONVERSION = YES;
				CLANG_WARN_DEPRECATED_OBJC_IMPLEMENTATIONS = YES;
				CLANG_WARN_DIRECT_OBJC_ISA_USAGE = YES_ERROR;
				CLANG_WARN_DOCUMENTATION_COMMENTS = YES;
				CLANG_WARN_EMPTY_BODY = YES;
				CLANG_WARN_ENUM_CONVERSION = YES;
				CLANG_WARN_INFINITE_RECURSION = YES;
				CLANG_WARN_INT_CONVERSION = YES;
				CLANG_WARN_NON_LITERAL_NULL_CONVERSION = YES;
				CLANG_WARN_OBJC_IMPLICIT_RETAIN_SELF = YES;
				CLANG_WARN_OBJC_LITERAL_CONVERSION = YES;
				CLANG_WARN_OBJC_ROOT_CLASS = YES_ERROR;
				CLANG_WARN_QUOTED_INCLUDE_IN_FRAMEWORK_HEADER = YES;
				CLANG_WARN_RANGE_LOOP_ANALYSIS = YES;
				CLANG_WARN_STRICT_PROTOTYPES = YES;
				CLANG_WARN_SUSPICIOUS_MOVE = YES;
				CLANG_WARN_UNGUARDED_AVAILABILITY = YES_AGGRESSIVE;
				CLANG_WARN_UNREACHABLE_CODE = YES;
				CLANG_WARN__DUPLICATE_METHOD_MATCH = YES;
				COPY_PHASE_STRIP = NO;
				DEBUG_INFORMATION_FORMAT = dwarf;
				ENABLE_STRICT_OBJC_MSGSEND = YES;
				ENABLE_TESTABILITY = YES;
				ENABLE_USER_SCRIPT_SANDBOXING = YES;
				GCC_C_LANGUAGE_STANDARD = gnu17;
				GCC_DYNAMIC_NO_PIC = NO;
				GCC_NO_COMMON_BLOCKS = YES;
				GCC_OPTIMIZATION_LEVEL = 0;
				GCC_PREPROCESSOR_DEFINITIONS = (
					"DEBUG=1",
					"$(inherited)",
				);
				GCC_WARN_64_TO_32_BIT_CONVERSION = YES;
				GCC_WARN_ABOUT_RETURN_TYPE = YES_ERROR;
				GCC_WARN_UNDECLARED_SELECTOR = YES;
				GCC_WARN_UNINITIALIZED_AUTOS = YES_AGGRESSIVE;
				GCC_WARN_UNUSED_FUNCTION = YES;
				GCC_WARN_UNUSED_VARIABLE = YES;
				IPHONEOS_DEPLOYMENT_TARGET = 17.2;
				LOCALIZATION_PREFERS_STRING_CATALOGS = YES;
				MTL_ENABLE_DEBUG_INFO = INCLUDE_SOURCE;
				MTL_FAST_MATH = YES;
				ONLY_ACTIVE_ARCH = YES;
				SDKROOT = iphoneos;
				SWIFT_ACTIVE_COMPILATION_CONDITIONS = "DEBUG $(inherited)";
				SWIFT_OPTIMIZATION_LEVEL = "-Onone";
			};
			name = Debug;
		};
		04FDE3C82B5CE91F00733B1E /* Release */ = {
			isa = XCBuildConfiguration;
			buildSettings = {
				ALWAYS_SEARCH_USER_PATHS = NO;
				ASSETCATALOG_COMPILER_GENERATE_SWIFT_ASSET_SYMBOL_EXTENSIONS = YES;
				CLANG_ANALYZER_NONNULL = YES;
				CLANG_ANALYZER_NUMBER_OBJECT_CONVERSION = YES_AGGRESSIVE;
				CLANG_CXX_LANGUAGE_STANDARD = "gnu++20";
				CLANG_ENABLE_MODULES = YES;
				CLANG_ENABLE_OBJC_ARC = YES;
				CLANG_ENABLE_OBJC_WEAK = YES;
				CLANG_WARN_BLOCK_CAPTURE_AUTORELEASING = YES;
				CLANG_WARN_BOOL_CONVERSION = YES;
				CLANG_WARN_COMMA = YES;
				CLANG_WARN_CONSTANT_CONVERSION = YES;
				CLANG_WARN_DEPRECATED_OBJC_IMPLEMENTATIONS = YES;
				CLANG_WARN_DIRECT_OBJC_ISA_USAGE = YES_ERROR;
				CLANG_WARN_DOCUMENTATION_COMMENTS = YES;
				CLANG_WARN_EMPTY_BODY = YES;
				CLANG_WARN_ENUM_CONVERSION = YES;
				CLANG_WARN_INFINITE_RECURSION = YES;
				CLANG_WARN_INT_CONVERSION = YES;
				CLANG_WARN_NON_LITERAL_NULL_CONVERSION = YES;
				CLANG_WARN_OBJC_IMPLICIT_RETAIN_SELF = YES;
				CLANG_WARN_OBJC_LITERAL_CONVERSION = YES;
				CLANG_WARN_OBJC_ROOT_CLASS = YES_ERROR;
				CLANG_WARN_QUOTED_INCLUDE_IN_FRAMEWORK_HEADER = YES;
				CLANG_WARN_RANGE_LOOP_ANALYSIS = YES;
				CLANG_WARN_STRICT_PROTOTYPES = YES;
				CLANG_WARN_SUSPICIOUS_MOVE = YES;
				CLANG_WARN_UNGUARDED_AVAILABILITY = YES_AGGRESSIVE;
				CLANG_WARN_UNREACHABLE_CODE = YES;
				CLANG_WARN__DUPLICATE_METHOD_MATCH = YES;
				COPY_PHASE_STRIP = NO;
				DEBUG_INFORMATION_FORMAT = "dwarf-with-dsym";
				ENABLE_NS_ASSERTIONS = NO;
				ENABLE_STRICT_OBJC_MSGSEND = YES;
				ENABLE_USER_SCRIPT_SANDBOXING = YES;
				GCC_C_LANGUAGE_STANDARD = gnu17;
				GCC_NO_COMMON_BLOCKS = YES;
				GCC_WARN_64_TO_32_BIT_CONVERSION = YES;
				GCC_WARN_ABOUT_RETURN_TYPE = YES_ERROR;
				GCC_WARN_UNDECLARED_SELECTOR = YES;
				GCC_WARN_UNINITIALIZED_AUTOS = YES_AGGRESSIVE;
				GCC_WARN_UNUSED_FUNCTION = YES;
				GCC_WARN_UNUSED_VARIABLE = YES;
				IPHONEOS_DEPLOYMENT_TARGET = 17.2;
				LOCALIZATION_PREFERS_STRING_CATALOGS = YES;
				MTL_ENABLE_DEBUG_INFO = NO;
				MTL_FAST_MATH = YES;
				SDKROOT = iphoneos;
				SWIFT_COMPILATION_MODE = wholemodule;
				VALIDATE_PRODUCT = YES;
			};
			name = Release;
		};
		04FDE3CA2B5CE91F00733B1E /* Debug */ = {
			isa = XCBuildConfiguration;
			buildSettings = {
				ASSETCATALOG_COMPILER_APPICON_NAME = AppIcon;
				ASSETCATALOG_COMPILER_GLOBAL_ACCENT_COLOR_NAME = AccentColor;
				CODE_SIGN_STYLE = Automatic;
				CURRENT_PROJECT_VERSION = 1;
				GENERATE_INFOPLIST_FILE = YES;
				INFOPLIST_FILE = netFlix/Info.plist;
				INFOPLIST_KEY_UIApplicationSupportsIndirectInputEvents = YES;
				INFOPLIST_KEY_UILaunchStoryboardName = LaunchScreen;
				INFOPLIST_KEY_UISupportedInterfaceOrientations_iPad = "UIInterfaceOrientationPortrait UIInterfaceOrientationPortraitUpsideDown UIInterfaceOrientationLandscapeLeft UIInterfaceOrientationLandscapeRight";
				INFOPLIST_KEY_UISupportedInterfaceOrientations_iPhone = "UIInterfaceOrientationPortrait UIInterfaceOrientationLandscapeLeft UIInterfaceOrientationLandscapeRight";
				LD_RUNPATH_SEARCH_PATHS = (
					"$(inherited)",
					"@executable_path/Frameworks",
				);
				MARKETING_VERSION = 1.0;
				PRODUCT_BUNDLE_IDENTIFIER = Moon.netFlix;
				PRODUCT_NAME = "$(TARGET_NAME)";
				SWIFT_EMIT_LOC_STRINGS = YES;
				SWIFT_VERSION = 5.0;
				TARGETED_DEVICE_FAMILY = "1,2";
			};
			name = Debug;
		};
		04FDE3CB2B5CE91F00733B1E /* Release */ = {
			isa = XCBuildConfiguration;
			buildSettings = {
				ASSETCATALOG_COMPILER_APPICON_NAME = AppIcon;
				ASSETCATALOG_COMPILER_GLOBAL_ACCENT_COLOR_NAME = AccentColor;
				CODE_SIGN_STYLE = Automatic;
				CURRENT_PROJECT_VERSION = 1;
				GENERATE_INFOPLIST_FILE = YES;
				INFOPLIST_FILE = netFlix/Info.plist;
				INFOPLIST_KEY_UIApplicationSupportsIndirectInputEvents = YES;
				INFOPLIST_KEY_UILaunchStoryboardName = LaunchScreen;
				INFOPLIST_KEY_UISupportedInterfaceOrientations_iPad = "UIInterfaceOrientationPortrait UIInterfaceOrientationPortraitUpsideDown UIInterfaceOrientationLandscapeLeft UIInterfaceOrientationLandscapeRight";
				INFOPLIST_KEY_UISupportedInterfaceOrientations_iPhone = "UIInterfaceOrientationPortrait UIInterfaceOrientationLandscapeLeft UIInterfaceOrientationLandscapeRight";
				LD_RUNPATH_SEARCH_PATHS = (
					"$(inherited)",
					"@executable_path/Frameworks",
				);
				MARKETING_VERSION = 1.0;
				PRODUCT_BUNDLE_IDENTIFIER = Moon.netFlix;
				PRODUCT_NAME = "$(TARGET_NAME)";
				SWIFT_EMIT_LOC_STRINGS = YES;
				SWIFT_VERSION = 5.0;
				TARGETED_DEVICE_FAMILY = "1,2";
			};
			name = Release;
		};
/* End XCBuildConfiguration section */

/* Begin XCConfigurationList section */
		04FDE3B02B5CE91E00733B1E /* Build configuration list for PBXProject "netFlix" */ = {
			isa = XCConfigurationList;
			buildConfigurations = (
				04FDE3C72B5CE91F00733B1E /* Debug */,
				04FDE3C82B5CE91F00733B1E /* Release */,
			);
			defaultConfigurationIsVisible = 0;
			defaultConfigurationName = Release;
		};
		04FDE3C92B5CE91F00733B1E /* Build configuration list for PBXNativeTarget "netFlix" */ = {
			isa = XCConfigurationList;
			buildConfigurations = (
				04FDE3CA2B5CE91F00733B1E /* Debug */,
				04FDE3CB2B5CE91F00733B1E /* Release */,
			);
			defaultConfigurationIsVisible = 0;
			defaultConfigurationName = Release;
		};
/* End XCConfigurationList section */

/* Begin XCRemoteSwiftPackageReference section */
		042B790B2B6507E4009A422B /* XCRemoteSwiftPackageReference "SDWebImage" */ = {
			isa = XCRemoteSwiftPackageReference;
			repositoryURL = "https://github.com/SDWebImage/SDWebImage.git";
			requirement = {
				kind = upToNextMajorVersion;
				minimumVersion = 5.18.10;
			};
		};
/* End XCRemoteSwiftPackageReference section */

/* Begin XCSwiftPackageProductDependency section */
		042B790C2B6507E4009A422B /* SDWebImage */ = {
			isa = XCSwiftPackageProductDependency;
			package = 042B790B2B6507E4009A422B /* XCRemoteSwiftPackageReference "SDWebImage" */;
			productName = SDWebImage;
		};
		042B790E2B6507E4009A422B /* SDWebImageMapKit */ = {
			isa = XCSwiftPackageProductDependency;
			package = 042B790B2B6507E4009A422B /* XCRemoteSwiftPackageReference "SDWebImage" */;
			productName = SDWebImageMapKit;
		};
/* End XCSwiftPackageProductDependency section */
	};
	rootObject = 04FDE3AD2B5CE91E00733B1E /* Project object */;
}
